
Microsoft Visual Studio Solution File, Format Version 12.00
# Visual Studio 15
VisualStudioVersion = 15.0.26730.16
MinimumVisualStudioVersion = 10.0.40219.1
Project("{F184B08F-C81C-45F6-A57F-5ABD9991F28F}") = "MenuBuilding", "MenuBuilding\MenuBuilding.vbproj", "{A4F5121B-595D-4E0B-961B-88CC302C29A6}"
EndProject
Global
	GlobalSection(SolutionConfigurationPlatforms) = preSolution
		Debug|Any CPU = Debug|Any CPU
		Release|Any CPU = Release|Any CPU
	EndGlobalSection
	GlobalSection(ProjectConfigurationPlatforms) = postSolution
		{A4F5121B-595D-4E0B-961B-88CC302C29A6}.Debug|Any CPU.ActiveCfg = Debug|Any CPU
		{A4F5121B-595D-4E0B-961B-88CC302C29A6}.Debug|Any CPU.Build.0 = Debug|Any CPU
		{A4F5121B-595D-4E0B-961B-88CC302C29A6}.Release|Any CPU.ActiveCfg = Release|Any CPU
		{A4F5121B-595D-4E0B-961B-88CC302C29A6}.Release|Any CPU.Build.0 = Release|Any CPU
	EndGlobalSection
	GlobalSection(SolutionProperties) = preSolution
		HideSolutionNode = FALSE
	EndGlobalSection
	GlobalSection(ExtensibilityGlobals) = postSolution
		SolutionGuid = {FAF3B377-9E85-478E-AF27-0F8881C1A96A}
	EndGlobalSection
EndGlobal
